
Microsoft Visual Studio Solution File, Format Version 12.00
# Visual Studio Version 17
VisualStudioVersion = 17.5.33502.453
MinimumVisualStudioVersion = 10.0.40219.1
Project("{FAE04EC0-301F-11D3-BF4B-00C04F79EFBC}") = "market management", "market management.csproj", "{09B6927E-8AF0-4F3B-A4B3-285C158EE465}"
EndProject
Global
	GlobalSection(SolutionConfigurationPlatforms) = preSolution
		Debug|Any CPU = Debug|Any CPU
		Release|Any CPU = Release|Any CPU
	EndGlobalSection
	GlobalSection(ProjectConfigurationPlatforms) = postSolution
		{09B6927E-8AF0-4F3B-A4B3-285C158EE465}.Debug|Any CPU.ActiveCfg = Debug|Any CPU
		{09B6927E-8AF0-4F3B-A4B3-285C158EE465}.Debug|Any CPU.Build.0 = Debug|Any CPU
		{09B6927E-8AF0-4F3B-A4B3-285C158EE465}.Release|Any CPU.ActiveCfg = Release|Any CPU
		{09B6927E-8AF0-4F3B-A4B3-285C158EE465}.Release|Any CPU.Build.0 = Release|Any CPU
	EndGlobalSection
	GlobalSection(SolutionProperties) = preSolution
		HideSolutionNode = FALSE
	EndGlobalSection
	GlobalSection(ExtensibilityGlobals) = postSolution
		SolutionGuid = {262E0B5A-2000-4367-9728-C710AF1ABE50}
	EndGlobalSection
EndGlobal
